PODS:
  - AFNetworking (3.0.4):
    - AFNetworking/NSURLSession (= 3.0.4)
    - AFNetworking/Reachability (= 3.0.4)
    - AFNetworking/Security (= 3.0.4)
    - AFNetworking/Serialization (= 3.0.4)
    - AFNetworking/UIKit (= 3.0.4)
  - AFNetworking/NSURLSession (3.0.4):
    - AFNetworking/Reachability
    - AFNetworking/Security
    - AFNetworking/Serialization
  - AFNetworking/Reachability (3.0.4)
  - AFNetworking/Security (3.0.4)
  - AFNetworking/Serialization (3.0.4)
  - AFNetworking/UIKit (3.0.4):
    - AFNetworking/NSURLSession
  - Aspects (1.4.1)
  - CocoaLumberjack (2.2.0):
    - CocoaLumberjack/Default (= 2.2.0)
    - CocoaLumberjack/Extensions (= 2.2.0)
  - CocoaLumberjack/Core (2.2.0)
  - CocoaLumberjack/Default (2.2.0):
    - CocoaLumberjack/Core
  - CocoaLumberjack/Extensions (2.2.0):
    - CocoaLumberjack/Default
  - Expecta (0.3.1)
  - IQKeyboardManager (3.3.6)
  - ISO8601DateFormatterValueTransformer (0.6.1):
    - RKValueTransformers (~> 1.1.0)
  - JSPatch (0.1.5):
    - JSPatch/Core (= 0.1.5)
  - JSPatch/Core (0.1.5)
  - LightBundleSDK (2.0.29):
    - LightBundleSDK/BasePlugin (= 2.0.29)
    - LightBundleSDK/model (= 2.0.29)
    - LightBundleSDK/private (= 2.0.29)
    - LightBundleSDK/ServicePlugin (= 2.0.29)
  - LightBundleSDK/BasePlugin (2.0.29)
  - LightBundleSDK/model (2.0.29)
  - LightBundleSDK/private (2.0.29):
    - LightBundleSDK/private/LBAes (= 2.0.29)
    - LightBundleSDK/private/LBAlertView (= 2.0.29)
    - LightBundleSDK/private/LBCustomPicker (= 2.0.29)
    - LightBundleSDK/private/LBLocationManager (= 2.0.29)
    - LightBundleSDK/private/LBMBProgressHUD (= 2.0.29)
    - LightBundleSDK/private/LBNJKWebViewProgress (= 2.0.29)
    - LightBundleSDK/private/LBNSDataBase64 (= 2.0.29)
    - LightBundleSDK/private/LBQRCodeReaderViewController (= 2.0.29)
    - LightBundleSDK/private/LBToast (= 2.0.29)
    - LightBundleSDK/private/LBZXingObjC (= 2.0.29)
  - LightBundleSDK/private/LBAes (2.0.29)
  - LightBundleSDK/private/LBAlertView (2.0.29)
  - LightBundleSDK/private/LBCustomPicker (2.0.29)
  - LightBundleSDK/private/LBLocationManager (2.0.29)
  - LightBundleSDK/private/LBMBProgressHUD (2.0.29)
  - LightBundleSDK/private/LBNJKWebViewProgress (2.0.29)
  - LightBundleSDK/private/LBNSDataBase64 (2.0.29)
  - LightBundleSDK/private/LBQRCodeReaderViewController (2.0.29)
  - LightBundleSDK/private/LBToast (2.0.29)
  - LightBundleSDK/private/LBZXingObjC (2.0.29)
  - LightBundleSDK/ServicePlugin (2.0.29)
  - Masonry (0.6.4)
  - MJExtension (3.0.10)
  - MJRefresh (3.1.0)
  - ObjcAssociatedObjectHelpers (2.0.1):
    - ObjcAssociatedObjectHelpers/Core (= 2.0.1)
    - ObjcAssociatedObjectHelpers/NSObject+Dictionary (= 2.0.1)
  - ObjcAssociatedObjectHelpers/Core (2.0.1)
  - ObjcAssociatedObjectHelpers/NSObject+Dictionary (2.0.1):
    - ObjcAssociatedObjectHelpers/Core
  - OCHamcrest (3.0.1)
  - OCMock (2.2.4)
  - pop (1.0.8)
  - ReactiveCocoa (2.5):
    - ReactiveCocoa/UI (= 2.5)
  - ReactiveCocoa/Core (2.5):
    - ReactiveCocoa/no-arc
  - ReactiveCocoa/no-arc (2.5)
  - ReactiveCocoa/UI (2.5):
    - ReactiveCocoa/Core
  - RKValueTransformers (1.1.3)
  - SBJson (4.0.2)
  - SDWebImage (3.7.5):
    - SDWebImage/Core (= 3.7.5)
  - SDWebImage/Core (3.7.5)
  - SOCKit (1.1)
  - SQLCipher (3.1.0):
    - SQLCipher/standard (= 3.1.0)
  - SQLCipher/common (3.1.0)
  - SQLCipher/standard (3.1.0):
    - SQLCipher/common
  - SSKeychain (1.4.0)
  - TFBaseLib_iOS (0.0.39):
    - AFNetworking (= 3.0.4)
    - Aspects (= 1.4.1)
    - CocoaLumberjack (= 2.2.0)
    - MJExtension (= 3.0.10)
    - ObjcAssociatedObjectHelpers (= 2.0.1)
    - SSKeychain (= 1.4.0)
    - TFBaseLib_iOS/Core-3rd (= 0.0.39)
    - TFBaseLib_iOS/Core-Category (= 0.0.39)
    - TFBaseLib_iOS/Core-DataHelper (= 0.0.39)
    - TFBaseLib_iOS/Core-Macro (= 0.0.39)
    - TFBaseLib_iOS/Core-Manager (= 0.0.39)
    - TFBaseLib_iOS/Core-Util (= 0.0.39)
  - TFBaseLib_iOS/Core-3rd (0.0.39):
    - AFNetworking (= 3.0.4)
    - Aspects (= 1.4.1)
    - CocoaLumberjack (= 2.2.0)
    - MJExtension (= 3.0.10)
    - ObjcAssociatedObjectHelpers (= 2.0.1)
    - SSKeychain (= 1.4.0)
    - TFBaseLib_iOS/Core-3rd/AFNetworking-AutoRetry (= 0.0.39)
    - TFBaseLib_iOS/Core-3rd/SafeKit (= 0.0.39)
    - TFBaseLib_iOS/Core-3rd/SafeKitMRC (= 0.0.39)
  - TFBaseLib_iOS/Core-3rd/AFNetworking-AutoRetry (0.0.39):
    - AFNetworking (= 3.0.4)
    - Aspects (= 1.4.1)
    - CocoaLumberjack (= 2.2.0)
    - MJExtension (= 3.0.10)
    - ObjcAssociatedObjectHelpers (= 2.0.1)
    - SSKeychain (= 1.4.0)
  - TFBaseLib_iOS/Core-3rd/SafeKit (0.0.39):
    - AFNetworking (= 3.0.4)
    - Aspects (= 1.4.1)
    - CocoaLumberjack (= 2.2.0)
    - MJExtension (= 3.0.10)
    - ObjcAssociatedObjectHelpers (= 2.0.1)
    - SSKeychain (= 1.4.0)
  - TFBaseLib_iOS/Core-3rd/SafeKitMRC (0.0.39):
    - AFNetworking (= 3.0.4)
    - Aspects (= 1.4.1)
    - CocoaLumberjack (= 2.2.0)
    - MJExtension (= 3.0.10)
    - ObjcAssociatedObjectHelpers (= 2.0.1)
    - SSKeychain (= 1.4.0)
  - TFBaseLib_iOS/Core-Category (0.0.39):
    - AFNetworking (= 3.0.4)
    - Aspects (= 1.4.1)
    - CocoaLumberjack (= 2.2.0)
    - MJExtension (= 3.0.10)
    - ObjcAssociatedObjectHelpers (= 2.0.1)
    - SSKeychain (= 1.4.0)
  - TFBaseLib_iOS/Core-DataHelper (0.0.39):
    - AFNetworking (= 3.0.4)
    - Aspects (= 1.4.1)
    - CocoaLumberjack (= 2.2.0)
    - MJExtension (= 3.0.10)
    - ObjcAssociatedObjectHelpers (= 2.0.1)
    - SSKeychain (= 1.4.0)
    - TFBaseLib_iOS/Core-DataHelper/TFAutoCodingCopying (= 0.0.39)
    - TFBaseLib_iOS/Core-DataHelper/TFGCDQueue (= 0.0.39)
    - TFBaseLib_iOS/Core-DataHelper/TFKeyChain (= 0.0.39)
    - TFBaseLib_iOS/Core-DataHelper/TFUserDefaults (= 0.0.39)
  - TFBaseLib_iOS/Core-DataHelper/TFAutoCodingCopying (0.0.39):
    - AFNetworking (= 3.0.4)
    - Aspects (= 1.4.1)
    - CocoaLumberjack (= 2.2.0)
    - MJExtension (= 3.0.10)
    - ObjcAssociatedObjectHelpers (= 2.0.1)
    - SSKeychain (= 1.4.0)
  - TFBaseLib_iOS/Core-DataHelper/TFGCDQueue (0.0.39):
    - AFNetworking (= 3.0.4)
    - Aspects (= 1.4.1)
    - CocoaLumberjack (= 2.2.0)
    - MJExtension (= 3.0.10)
    - ObjcAssociatedObjectHelpers (= 2.0.1)
    - SSKeychain (= 1.4.0)
  - TFBaseLib_iOS/Core-DataHelper/TFKeyChain (0.0.39):
    - AFNetworking (= 3.0.4)
    - Aspects (= 1.4.1)
    - CocoaLumberjack (= 2.2.0)
    - MJExtension (= 3.0.10)
    - ObjcAssociatedObjectHelpers (= 2.0.1)
    - SSKeychain (= 1.4.0)
  - TFBaseLib_iOS/Core-DataHelper/TFUserDefaults (0.0.39):
    - AFNetworking (= 3.0.4)
    - Aspects (= 1.4.1)
    - CocoaLumberjack (= 2.2.0)
    - MJExtension (= 3.0.10)
    - ObjcAssociatedObjectHelpers (= 2.0.1)
    - SSKeychain (= 1.4.0)
  - TFBaseLib_iOS/Core-Macro (0.0.39):
    - AFNetworking (= 3.0.4)
    - Aspects (= 1.4.1)
    - CocoaLumberjack (= 2.2.0)
    - MJExtension (= 3.0.10)
    - ObjcAssociatedObjectHelpers (= 2.0.1)
    - SSKeychain (= 1.4.0)
  - TFBaseLib_iOS/Core-Manager (0.0.39):
    - AFNetworking (= 3.0.4)
    - Aspects (= 1.4.1)
    - CocoaLumberjack (= 2.2.0)
    - MJExtension (= 3.0.10)
    - ObjcAssociatedObjectHelpers (= 2.0.1)
    - SSKeychain (= 1.4.0)
  - TFBaseLib_iOS/Core-Util (0.0.39):
    - AFNetworking (= 3.0.4)
    - Aspects (= 1.4.1)
    - CocoaLumberjack (= 2.2.0)
    - MJExtension (= 3.0.10)
    - ObjcAssociatedObjectHelpers (= 2.0.1)
    - SSKeychain (= 1.4.0)
  - TFCoreLib_iOS (0.0.18):
    - TFCoreLib_iOS/Core-AOP (= 0.0.18)
    - TFCoreLib_iOS/Core-Data (= 0.0.18)
    - TFCoreLib_iOS/Core-HTTPManager (= 0.0.18)
    - TFCoreLib_iOS/Core-Model (= 0.0.18)
    - TFCoreLib_iOS/Core-Service (= 0.0.18)
    - TFCoreLib_iOS/Core-Util (= 0.0.18)
  - TFCoreLib_iOS/Core-AOP (0.0.18)
  - TFCoreLib_iOS/Core-Data (0.0.18)
  - TFCoreLib_iOS/Core-HTTPManager (0.0.18)
  - TFCoreLib_iOS/Core-Model (0.0.18)
  - TFCoreLib_iOS/Core-Service (0.0.18)
  - TFCoreLib_iOS/Core-Util (0.0.18)
  - TFHotfixLib_iOS (0.0.15):
    - JSPatch (= 0.1.5)
    - TFHotfixLib_iOS/JSPatchManager (= 0.0.15)
    - TFHotfixLib_iOS/Model (= 0.0.15)
    - TFHotfixLib_iOS/Service (= 0.0.15)
  - TFHotfixLib_iOS/JSPatchManager (0.0.15):
    - JSPatch (= 0.1.5)
  - TFHotfixLib_iOS/Model (0.0.15):
    - JSPatch (= 0.1.5)
  - TFHotfixLib_iOS/Service (0.0.15):
    - JSPatch (= 0.1.5)
  - TFThirdLib_iOS/AliPay (0.0.13):
    - Aspects (= 1.4.1)
    - TFThirdLib_iOS/AliPay/Util (= 0.0.13)
    - TFThirdLib_iOS/OpenSSL
  - TFThirdLib_iOS/AliPay/Util (0.0.13):
    - Aspects (= 1.4.1)
    - TFThirdLib_iOS/OpenSSL
  - TFThirdLib_iOS/JPush (0.0.13):
    - Aspects (= 1.4.1)
  - TFThirdLib_iOS/OpenSSL (0.0.13):
    - Aspects (= 1.4.1)
  - TFThirdLib_iOS/UnionPay (0.0.13):
    - Aspects (= 1.4.1)
  - TFThirdLib_iOS/WXPay (0.0.13):
    - Aspects (= 1.4.1)
  - TFUILib_iOS (0.0.27):
    - IQKeyboardManager (= 3.3.6)
    - Masonry (= 0.6.4)
    - MJRefresh (= 3.1.0)
    - pop (= 1.0.8)
    - SDWebImage (= 3.7.5)
    - TFUILib_iOS/Core-3rd (= 0.0.27)
    - TFUILib_iOS/Core-Category (= 0.0.27)
    - TFUILib_iOS/Core-CustomControl (= 0.0.27)
    - TFUILib_iOS/Core-Manager (= 0.0.27)
    - TFUILib_iOS/Core-Model (= 0.0.27)
    - TFUILib_iOS/Core-Util (= 0.0.27)
    - TFUILib_iOS/Core-View (= 0.0.27)
    - TFUILib_iOS/Core-ViewController (= 0.0.27)
    - TFUILib_iOS/Core-ViewModel (= 0.0.27)
  - TFUILib_iOS/Core-3rd (0.0.27):
    - IQKeyboardManager (= 3.3.6)
    - Masonry (= 0.6.4)
    - MJRefresh (= 3.1.0)
    - pop (= 1.0.8)
    - SDWebImage (= 3.7.5)
    - TFUILib_iOS/Core-3rd/TFProgressHudView (= 0.0.27)
  - TFUILib_iOS/Core-3rd/TFProgressHudView (0.0.27):
    - IQKeyboardManager (= 3.3.6)
    - Masonry (= 0.6.4)
    - MJRefresh (= 3.1.0)
    - pop (= 1.0.8)
    - SDWebImage (= 3.7.5)
  - TFUILib_iOS/Core-Category (0.0.27):
    - IQKeyboardManager (= 3.3.6)
    - Masonry (= 0.6.4)
    - MJRefresh (= 3.1.0)
    - pop (= 1.0.8)
    - SDWebImage (= 3.7.5)
  - TFUILib_iOS/Core-CustomControl (0.0.27):
    - IQKeyboardManager (= 3.3.6)
    - Masonry (= 0.6.4)
    - MJRefresh (= 3.1.0)
    - pop (= 1.0.8)
    - SDWebImage (= 3.7.5)
  - TFUILib_iOS/Core-Manager (0.0.27):
    - IQKeyboardManager (= 3.3.6)
    - Masonry (= 0.6.4)
    - MJRefresh (= 3.1.0)
    - pop (= 1.0.8)
    - SDWebImage (= 3.7.5)
  - TFUILib_iOS/Core-Model (0.0.27):
    - IQKeyboardManager (= 3.3.6)
    - Masonry (= 0.6.4)
    - MJRefresh (= 3.1.0)
    - pop (= 1.0.8)
    - SDWebImage (= 3.7.5)
  - TFUILib_iOS/Core-Util (0.0.27):
    - IQKeyboardManager (= 3.3.6)
    - Masonry (= 0.6.4)
    - MJRefresh (= 3.1.0)
    - pop (= 1.0.8)
    - SDWebImage (= 3.7.5)
  - TFUILib_iOS/Core-View (0.0.27):
    - IQKeyboardManager (= 3.3.6)
    - Masonry (= 0.6.4)
    - MJRefresh (= 3.1.0)
    - pop (= 1.0.8)
    - SDWebImage (= 3.7.5)
  - TFUILib_iOS/Core-ViewController (0.0.27):
    - IQKeyboardManager (= 3.3.6)
    - Masonry (= 0.6.4)
    - MJRefresh (= 3.1.0)
    - pop (= 1.0.8)
    - SDWebImage (= 3.7.5)
  - TFUILib_iOS/Core-ViewModel (0.0.27):
    - IQKeyboardManager (= 3.3.6)
    - Masonry (= 0.6.4)
    - MJRefresh (= 3.1.0)
    - pop (= 1.0.8)
    - SDWebImage (= 3.7.5)
  - TorqueSDK (2.0.31):
    - CocoaLumberjack (~> 2.2.0)
    - Expecta (= 0.3.1)
    - ISO8601DateFormatterValueTransformer (~> 0.6.1)
    - OCHamcrest (= 3.0.1)
    - OCMock (= 2.2.4)
    - RKValueTransformers (~> 1.1.0)
    - SBJson
    - SOCKit
    - SQLCipher (~> 3.1.0)
    - TransitionKit (~> 2.2)
  - TransitionKit (2.2.1)

DEPENDENCIES:
  - LightBundleSDK (from `http://git01.dds.com/MP/LightBundle_SDK_iOS.git`)
  - ReactiveCocoa (= 2.5)
  - TFBaseLib_iOS (from `http://git01.dds.com/MP/TFBaseLib_iOS.git`)
  - TFCoreLib_iOS (from `http://git01.dds.com/MP/TFCoreLib_iOS.git`)
  - TFHotfixLib_iOS (from `http://git01.dds.com/MP/TFHotfixLib_iOS.git`)
  - TFThirdLib_iOS/AliPay (from `http://git01.dds.com/MP/TFThirdLib_iOS.git`)
  - TFThirdLib_iOS/JPush (from `http://git01.dds.com/MP/TFThirdLib_iOS.git`)
  - TFThirdLib_iOS/UnionPay (from `http://git01.dds.com/MP/TFThirdLib_iOS.git`)
  - TFThirdLib_iOS/WXPay (from `http://git01.dds.com/MP/TFThirdLib_iOS.git`)
  - TFUILib_iOS (from `http://git01.dds.com/MP/TFUILib_iOS.git`, branch `forDevelop`)
  - TorqueSDK (from `http://git01.dds.com/cm/torque_sdk_ios.git`, branch `develop`,
    tag `2.0.31`)

EXTERNAL SOURCES:
  LightBundleSDK:
    :git: http://git01.dds.com/MP/LightBundle_SDK_iOS.git
  TFBaseLib_iOS:
    :git: http://git01.dds.com/MP/TFBaseLib_iOS.git
  TFCoreLib_iOS:
    :git: http://git01.dds.com/MP/TFCoreLib_iOS.git
  TFHotfixLib_iOS:
    :git: http://git01.dds.com/MP/TFHotfixLib_iOS.git
  TFThirdLib_iOS:
    :git: http://git01.dds.com/MP/TFThirdLib_iOS.git
  TFUILib_iOS:
    :branch: forDevelop
    :git: http://git01.dds.com/MP/TFUILib_iOS.git
  TorqueSDK:
    :branch: develop
    :git: http://git01.dds.com/cm/torque_sdk_ios.git
    :tag: 2.0.31

CHECKOUT OPTIONS:
  LightBundleSDK:
    :commit: f394ff75e46f902765f4b445818c630705a18b31
    :git: http://git01.dds.com/MP/LightBundle_SDK_iOS.git
  TFBaseLib_iOS:
    :commit: 3fa92eaac48ae849451509ada341413a7e276d08
    :git: http://git01.dds.com/MP/TFBaseLib_iOS.git
  TFCoreLib_iOS:
    :commit: 4e7f8a5040e61ad6e43687ae886d0cbc43bfd4dc
    :git: http://git01.dds.com/MP/TFCoreLib_iOS.git
  TFHotfixLib_iOS:
    :commit: f87e87a86ead8553a828da4e9be6cdbd3eb1f065
    :git: http://git01.dds.com/MP/TFHotfixLib_iOS.git
  TFThirdLib_iOS:
    :commit: 6dcac6e36bb58af5d43b735ebedd3d1487a005f3
    :git: http://git01.dds.com/MP/TFThirdLib_iOS.git
  TFUILib_iOS:
    :commit: f9866af96a8ab2f5356e2c6728161043d5bb23b7
    :git: http://git01.dds.com/MP/TFUILib_iOS.git
  TorqueSDK:
    :branch: develop
    :git: http://git01.dds.com/cm/torque_sdk_ios.git
    :tag: 2.0.31

SPEC CHECKSUMS:
  AFNetworking: a0075feb321559dc78d9d85b55d11caa19eabb93
  Aspects: 7595ba96a6727a58ebcbfc954497fc5d2fdde546
  CocoaLumberjack: 17fe8581f84914d5d7e6360f7c70022b173c3ae0
  Expecta: a354d4633409dd9fe8c4f5ff5130426adbe31628
  IQKeyboardManager: 037cf3aec1d0a045108859a47818714eb1bfc149
  ISO8601DateFormatterValueTransformer: 52da467d6ec899d6aedda8e48280ac92e8ee97e6
  JSPatch: 405b5f5990643e6717dd6715ac60d6a2b582a6ba
  LightBundleSDK: e1077490dd152b0cfa4a9170a98681fc40839630
  Masonry: 281802d04d787ea2973179ee8bcb50500579ede2
  MJExtension: d86aacb740c87519d20e3cca55b6fa4be6cc7548
  MJRefresh: 743e6404967d1c2c688472ea3ecfde247d872db4
  ObjcAssociatedObjectHelpers: 686c291f292c26a49b9b1fa7d58130a8d35d59d2
  OCHamcrest: e19857683e4eefab64b878668eac04c2f4567118
  OCMock: a6a7dc0e3997fb9f35d99f72528698ebf60d64f2
  pop: bb773ae2c791ca2629de13b347e7a8b450fa6a57
  ReactiveCocoa: e2db045570aa97c695e7aa97c2bcab222ae51f4a
  RKValueTransformers: e5ed67e3811229b616fe01bddeeafe3bb337b1b9
  SBJson: c18691cc18375b14664ff0fec841f8c4faef1934
  SDWebImage: 69c6303e3348fba97e03f65d65d4fbc26740f461
  SOCKit: c7376ac262bea9115b8f749358f762522a47d392
  SQLCipher: 4684434d5791db86512cd7e02172aefba575849e
  SSKeychain: c71293fa57216a40ab06c23f4085387583293de4
  TFBaseLib_iOS: 4d8baabcc1322fe4b9aff2856abd752787183554
  TFCoreLib_iOS: bbe3f306b8cd5de3edf4670b3c5c18ef0e57381a
  TFHotfixLib_iOS: c59f61024d55428b9f6e261db8283edd4bd16cbe
  TFThirdLib_iOS: 0d3b0ca8c43e5ec57a5102620052560cc7555f6c
  TFUILib_iOS: f8290f6ac574db6f09fbe4b0f946df7bbc2e85a7
  TorqueSDK: 81b3ca6fb258802b17db837952e59389329befa8
  TransitionKit: 9ceccda4cd0cdc0a05ef85eb235e5a3292c3c250

COCOAPODS: 0.39.0
